{
  "pins" : [
    {
      "identity" : "face-recognition-arcface-apple",
      "kind" : "remoteSourceControl",
      "location" : "https://github.com/AppliedRecognition/Face-Recognition-ArcFace-Apple.git",
      "state" : {
        "revision" : "54edc977daf8fc68e9b0a26b93da03bcb861c2ee",
        "version" : "1.1.1"
      }
    },
    {
      "identity" : "face-recognition-dlib-apple",
      "kind" : "remoteSourceControl",
      "location" : "https://github.com/AppliedRecognition/Face-Recognition-Dlib-Apple.git",
      "state" : {
        "revision" : "5957ee2c80df2a7c9d084bcf1e5a39cb0042040f",
        "version" : "1.1.2"
      }
    },
    {
      "identity" : "ver-id-common-types-apple",
      "kind" : "remoteSourceControl",
      "location" : "https://github.com/AppliedRecognition/Ver-ID-Common-Types-Apple.git",
      "state" : {
        "revision" : "2ca2404344966ef1feb18b5b676beb51138a7792",
        "version" : "3.0.0"
      }
    }
  ],
  "version" : 2
}
